<?xml version="1.0" encoding="utf-8"?>
<Project ToolsVersion="4.0" xmlns="http://schemas.microsoft.com/developer/msbuild/2003">
  <ItemGroup>
    <Filter Include="Source">
      <UniqueIdentifier>{3d842efb-5dc9-4f65-83e4-05602831b85b}</UniqueIdentifier>
    </Filter>
    <Filter Include="Headers">
      <UniqueIdentifier>{26a6a49f-9d16-4ba5-b16b-bda18ff90a76}</UniqueIdentifier>
    </Filter>
    <Filter Include="Shaders">
      <UniqueIdentifier>{ddc6d107-2b05-44ef-9060-39d3f60068d0}</UniqueIdentifier>
    </Filter>
    <Filter Include="Headers\Geometry">
      <UniqueIdentifier>{d07f65da-82bd-48a4-be5e-b0e04649d577}</UniqueIdentifier>
    </Filter>
    <Filter Include="Headers\Cameras">
      <UniqueIdentifier>{058ed883-6404-47bd-a18f-4eedd1eb184c}</UniqueIdentifier>
    </Filter>
    <Filter Include="Headers\Tree Components">
      <UniqueIdentifier>{8d46e1c0-80f2-4179-a4f0-0dc0a463dcda}</UniqueIdentifier>
    </Filter>
    <Filter Include="Headers\Caching">
      <UniqueIdentifier>{19c47426-7c08-459e-a3f2-7be330125b2f}</UniqueIdentifier>
    </Filter>
    <Filter Include="Headers\Visualization">
      <UniqueIdentifier>{72aada7b-ab69-4824-9237-af050f00a16f}</UniqueIdentifier>
    </Filter>
    <Filter Include="Headers\Model Components">
      <UniqueIdentifier>{9a1df4c7-c7e8-46f8-8c4d-4df0fbce3242}</UniqueIdentifier>
    </Filter>
    <Filter Include="Headers\Tree Building">
      <UniqueIdentifier>{17ae7120-a5bb-419d-babf-5487d26ce82d}</UniqueIdentifier>
    </Filter>
    <Filter Include="Headers\Tree Building\Sampling">
      <UniqueIdentifier>{9871364d-cef1-4af5-9a98-741e5fc03b4f}</UniqueIdentifier>
    </Filter>
    <Filter Include="Headers\Tree Building\Exact">
      <UniqueIdentifier>{fe30a1f7-898c-4596-9a58-7afaed5a491b}</UniqueIdentifier>
    </Filter>
    <Filter Include="Headers\Rendering">
      <UniqueIdentifier>{8e1ca31f-e3a8-467d-a846-5e13040ed143}</UniqueIdentifier>
    </Filter>
  </ItemGroup>
  <ItemGroup>
    <ClCompile Include="main.cpp">
      <Filter>Source</Filter>
    </ClCompile>
    <ClCompile Include="rst.cpp">
      <Filter>Source</Filter>
    </ClCompile>
  </ItemGroup>
  <ItemGroup>
    <None Include="line.frag">
      <Filter>Shaders</Filter>
    </None>
    <None Include="rst.frag">
      <Filter>Shaders</Filter>
    </None>
    <None Include="standard.frag">
      <Filter>Shaders</Filter>
    </None>
    <None Include="line.vert">
      <Filter>Shaders</Filter>
    </None>
    <None Include="rst.vert">
      <Filter>Shaders</Filter>
    </None>
    <None Include="standard.vert">
      <Filter>Shaders</Filter>
    </None>
  </ItemGroup>
  <ItemGroup>
    <ClInclude Include="plane.h">
      <Filter>Headers\Geometry</Filter>
    </ClInclude>
    <ClInclude Include="camera.h">
      <Filter>Headers\Cameras</Filter>
    </ClInclude>
    <ClInclude Include="orthocamera.h">
      <Filter>Headers\Cameras</Filter>
    </ClInclude>
    <ClInclude Include="previewcamera.h">
      <Filter>Headers\Cameras</Filter>
    </ClInclude>
    <ClInclude Include="perscamera.h">
      <Filter>Headers\Cameras</Filter>
    </ClInclude>
    <ClInclude Include="square.h">
      <Filter>Headers\Geometry</Filter>
    </ClInclude>
    <ClInclude Include="tetrahedron.h">
      <Filter>Headers\Geometry</Filter>
    </ClInclude>
    <ClInclude Include="sphere.h">
      <Filter>Headers\Geometry</Filter>
    </ClInclude>
    <ClInclude Include="cube.h">
      <Filter>Headers\Geometry</Filter>
    </ClInclude>
    <ClInclude Include="triWedge.h">
      <Filter>Headers\Geometry</Filter>
    </ClInclude>
    <ClInclude Include="segment2D.h">
      <Filter>Headers\Geometry</Filter>
    </ClInclude>
    <ClInclude Include="geoObject.h">
      <Filter>Headers\Geometry</Filter>
    </ClInclude>
    <ClInclude Include="node.h">
      <Filter>Headers\Tree Components</Filter>
    </ClInclude>
    <ClInclude Include="rst.h">
      <Filter>Headers\Tree Components</Filter>
    </ClInclude>
    <ClInclude Include="findLineThroughFour.h">
      <Filter>Headers\Geometry</Filter>
    </ClInclude>
    <ClInclude Include="linemodel.h">
      <Filter>Headers\Visualization</Filter>
    </ClInclude>
    <ClInclude Include="RobinHood.h">
      <Filter>Headers\Caching</Filter>
    </ClInclude>
    <ClInclude Include="ray.h">
      <Filter>Headers\Geometry</Filter>
    </ClInclude>
    <ClInclude Include="rstBuilder.h">
      <Filter>Headers\Tree Building</Filter>
    </ClInclude>
    <ClInclude Include="edge.h">
      <Filter>Headers\Model Components</Filter>
    </ClInclude>
    <ClInclude Include="vertex.h">
      <Filter>Headers\Model Components</Filter>
    </ClInclude>
    <ClInclude Include="primitive.h">
      <Filter>Headers\Model Components</Filter>
    </ClInclude>
    <ClInclude Include="model.h">
      <Filter>Headers\Model Components</Filter>
    </ClInclude>
    <ClInclude Include="sample.h">
      <Filter>Headers\Tree Building\Sampling</Filter>
    </ClInclude>
    <ClInclude Include="nodeSamples.h">
      <Filter>Headers\Tree Building\Sampling</Filter>
    </ClInclude>
    <ClInclude Include="sphereSampler.h">
      <Filter>Headers\Tree Building\Sampling</Filter>
    </ClInclude>
    <ClInclude Include="rstBuilderSamples.h">
      <Filter>Headers\Tree Building\Sampling</Filter>
    </ClInclude>
    <ClInclude Include="rstBuilderExact.h">
      <Filter>Headers\Tree Building\Exact</Filter>
    </ClInclude>
    <ClInclude Include="combinations.h">
      <Filter>Headers\Tree Building\Exact</Filter>
    </ClInclude>
    <ClInclude Include="textureRenderer.h">
      <Filter>Headers\Rendering</Filter>
    </ClInclude>
    <ClInclude Include="raytracer.h">
      <Filter>Headers\Rendering</Filter>
    </ClInclude>
    <ClInclude Include="shader.h">
      <Filter>Headers\Rendering</Filter>
    </ClInclude>
    <ClInclude Include="cache.h">
      <Filter>Headers\Caching</Filter>
    </ClInclude>
    <ClInclude Include="raytracerEmbree.h">
      <Filter>Headers\Rendering</Filter>
    </ClInclude>
    <ClInclude Include="lineThroughFourLines.h">
      <Filter>Headers\Geometry</Filter>
    </ClInclude>
    <ClInclude Include="buildOptions.h">
      <Filter>Headers\Tree Building</Filter>
    </ClInclude>
    <ClInclude Include="visualizer.h">
      <Filter>Headers\Visualization</Filter>
    </ClInclude>
    <ClInclude Include="visComponents.h">
      <Filter>Headers\Visualization</Filter>
    </ClInclude>
    <ClInclude Include="colors.h">
      <Filter>Headers\Visualization</Filter>
    </ClInclude>
    <ClInclude Include="lights.h">
      <Filter>Headers\Visualization</Filter>
    </ClInclude>
    <ClInclude Include="splitSide.h">
      <Filter>Headers\Tree Components</Filter>
    </ClInclude>
    <ClInclude Include="combiConfigurations.h">
      <Filter>Headers\Tree Building\Exact</Filter>
    </ClInclude>
    <ClInclude Include="eslFinder.h">
      <Filter>Headers\Tree Building\Exact</Filter>
    </ClInclude>
    <ClInclude Include="eslCandidate.h">
      <Filter>Headers\Tree Building\Exact</Filter>
    </ClInclude>
    <ClInclude Include="eslChecker.h">
      <Filter>Headers\Tree Building\Exact</Filter>
    </ClInclude>
    <ClInclude Include="extremalStabbingLine.h">
      <Filter>Headers\Tree Building\Exact</Filter>
    </ClInclude>
  </ItemGroup>
</Project>